hash: 483268fe75eafd30f6646c21c16c33829d52e5f3802f92b62d4edc4c92de7aec
updated: 2016-09-24T18:09:14.567417504+12:00
imports:
- name: github.com/boj/redistore
  version: fc113767cd6b051980f260d6dbe84b2740c46ab0
- name: github.com/garyburd/redigo
  version: ffa8d46ada782d81cfda81a0fbd9f45ceae448e8
  subpackages:
  - redis
  - internal
- name: github.com/gin-gonic/contrib
  version: 547e518040cfb96576b507d2f26779ab9c6fc829
  subpackages:
  - sessions
- name: github.com/gin-gonic/gin
  version: f931d1ea80ae95a6fc739213cdd9399bd2967fb6
  subpackages:
  - binding
  - render
- name: github.com/go-sql-driver/mysql
  version: 0b58b37b664c21f3010e836f1b931e1d0b0b0685
- name: github.com/golang/protobuf
  version: 2402d76f3d41f928c7902a765dfc872356dd3aad
  subpackages:
  - proto
- name: github.com/gorilla/context
  version: 08b5f424b9271eedf6f9f0ce86cb9396ed337a42
- name: github.com/gorilla/securecookie
  version: c13558c2b1c44da35e0eb043053609a5ba3a1f19
- name: github.com/gorilla/sessions
  version: ca9ada44574153444b00d3fd9c8559e4cc95f896
- name: github.com/jinzhu/gorm
  version: 041cd3dd31a68a3e9ad20fcddb46085df5aebc76
  subpackages:
  - dialects/mysql
- name: github.com/jinzhu/inflection
  version: 74387dc39a75e970e7a3ae6a3386b5bd2e5c5cff
- name: github.com/kelseyhightower/envconfig
  version: 13674b2d056fb658a00ba3f36e78043ced07c924
- name: github.com/manucorporat/sse
  version: ee05b128a739a0fb76c7ebd3ae4810c1de808d6d
- name: github.com/satori/go.uuid
  version: 0aa62d5ddceb50dbcb909d790b5345affd3669b6
- name: golang.org/x/net
  version: f315505cf3349909cdf013ea56690da34e96a451
  subpackages:
  - context
- name: gopkg.in/go-playground/validator.v8
  version: c193cecd124b5cc722d7ee5538e945bdb3348435
- name: gopkg.in/yaml.v2
  version: 31c299268d302dd0aa9a0dcf765a3d58971ac83f
testImports: []
